// !$*UTF8*$!
{
	archiveVersion = 1;
	classes = {
	};
	objectVersion = 46;
	objects = {

/* Begin PBXBuildFile section */
		D3BB88A117B6A1ED00A263AC /* AutAlert.cpp in Sources */ = {isa = PBXBuildFile; fileRef = D3BB889B17B6A1ED00A263AC /* AutAlert.cpp */; };
		D3BB88A217B6A1ED00A263AC /* AutAlert.h in Headers */ = {isa = PBXBuildFile; fileRef = D3BB889C17B6A1ED00A263AC /* AutAlert.h */; };
		D3BB88A317B6A1ED00A263AC /* AutAnim.h in Headers */ = {isa = PBXBuildFile; fileRef = D3BB889D17B6A1ED00A263AC /* AutAnim.h */; };
		D3BB88A417B6A1ED00A263AC /* AutAnimImp.h in Headers */ = {isa = PBXBuildFile; fileRef = D3BB889E17B6A1ED00A263AC /* AutAnimImp.h */; };
		D3BB88A517B6A1ED00A263AC /* AutRunningAverage.h in Headers */ = {isa = PBXBuildFile; fileRef = D3BB889F17B6A1ED00A263AC /* AutRunningAverage.h */; };
		D3BB88A617B6A1ED00A263AC /* AutRunningAverageImp.h in Headers */ = {isa = PBXBuildFile; fileRef = D3BB88A017B6A1ED00A263AC /* AutRunningAverageImp.h */; };
/* End PBXBuildFile section */

/* Begin PBXFileReference section */
		D3BB889417B6A0D900A263AC /* libAut.dylib */ = {isa = PBXFileReference; explicitFileType = "compiled.mach-o.dylib"; includeInIndex = 0; path = libAut.dylib; sourceTree = BUILT_PRODUCTS_DIR; };
		D3BB889B17B6A1ED00A263AC /* AutAlert.cpp */ = {isa = PBXFileReference; fileEncoding = 4; lastKnownFileType = sourcecode.cpp.cpp; path = AutAlert.cpp; sourceTree = "<group>"; };
		D3BB889C17B6A1ED00A263AC /* AutAlert.h */ = {isa = PBXFileReference; fileEncoding = 4; lastKnownFileType = sourcecode.c.h; path = AutAlert.h; sourceTree = "<group>"; };
		D3BB889D17B6A1ED00A263AC /* AutAnim.h */ = {isa = PBXFileReference; fileEncoding = 4; lastKnownFileType = sourcecode.c.h; path = AutAnim.h; sourceTree = "<group>"; };
		D3BB889E17B6A1ED00A263AC /* AutAnimImp.h */ = {isa = PBXFileReference; fileEncoding = 4; lastKnownFileType = sourcecode.c.h; path = AutAnimImp.h; sourceTree = "<group>"; };
		D3BB889F17B6A1ED00A263AC /* AutRunningAverage.h */ = {isa = PBXFileReference; fileEncoding = 4; lastKnownFileType = sourcecode.c.h; path = AutRunningAverage.h; sourceTree = "<group>"; };
		D3BB88A017B6A1ED00A263AC /* AutRunningAverageImp.h */ = {isa = PBXFileReference; fileEncoding = 4; lastKnownFileType = sourcecode.c.h; path = AutRunningAverageImp.h; sourceTree = "<group>"; };
		D3BB88AE17B6A29200A263AC /* SenTestingKit.framework */ = {isa = PBXFileReference; lastKnownFileType = wrapper.framework; name = SenTestingKit.framework; path = Library/Frameworks/SenTestingKit.framework; sourceTree = DEVELOPER_DIR; };
		D3BB88B017B6A29200A263AC /* UIKit.framework */ = {isa = PBXFileReference; lastKnownFileType = wrapper.framework; name = UIKit.framework; path = Library/Frameworks/UIKit.framework; sourceTree = DEVELOPER_DIR; };
		D3BB88B217B6A29200A263AC /* Foundation.framework */ = {isa = PBXFileReference; lastKnownFileType = wrapper.framework; name = Foundation.framework; path = Library/Frameworks/Foundation.framework; sourceTree = DEVELOPER_DIR; };
		D3E18CAD17D4397700987C00 /* README.txt */ = {isa = PBXFileReference; lastKnownFileType = text; path = README.txt; sourceTree = "<group>"; };
/* End PBXFileReference section */

/* Begin PBXFrameworksBuildPhase section */
		D3BB889117B6A0D900A263AC /* Frameworks */ = {
			isa = PBXFrameworksBuildPhase;
			buildActionMask = 2147483647;
			files = (
			);
			runOnlyForDeploymentPostprocessing = 0;
		};
/* End PBXFrameworksBuildPhase section */

/* Begin PBXGroup section */
		D3BB888B17B6A0D900A263AC = {
			isa = PBXGroup;
			children = (
				D3BB889C17B6A1ED00A263AC /* AutAlert.h */,
				D3BB889B17B6A1ED00A263AC /* AutAlert.cpp */,
				D3BB889D17B6A1ED00A263AC /* AutAnim.h */,
				D3BB889E17B6A1ED00A263AC /* AutAnimImp.h */,
				D3BB889F17B6A1ED00A263AC /* AutRunningAverage.h */,
				D3BB88A017B6A1ED00A263AC /* AutRunningAverageImp.h */,
				D3E18CAD17D4397700987C00 /* README.txt */,
				D3BB88AD17B6A29200A263AC /* Frameworks */,
				D3BB889517B6A0D900A263AC /* Products */,
			);
			sourceTree = "<group>";
		};
		D3BB889517B6A0D900A263AC /* Products */ = {
			isa = PBXGroup;
			children = (
				D3BB889417B6A0D900A263AC /* libAut.dylib */,
			);
			name = Products;
			sourceTree = "<group>";
		};
		D3BB88AD17B6A29200A263AC /* Frameworks */ = {
			isa = PBXGroup;
			children = (
				D3BB88AE17B6A29200A263AC /* SenTestingKit.framework */,
				D3BB88B017B6A29200A263AC /* UIKit.framework */,
				D3BB88B217B6A29200A263AC /* Foundation.framework */,
			);
			name = Frameworks;
			sourceTree = "<group>";
		};
/* End PBXGroup section */

/* Begin PBXHeadersBuildPhase section */
		D3BB889217B6A0D900A263AC /* Headers */ = {
			isa = PBXHeadersBuildPhase;
			buildActionMask = 2147483647;
			files = (
				D3BB88A217B6A1ED00A263AC /* AutAlert.h in Headers */,
				D3BB88A317B6A1ED00A263AC /* AutAnim.h in Headers */,
				D3BB88A417B6A1ED00A263AC /* AutAnimImp.h in Headers */,
				D3BB88A517B6A1ED00A263AC /* AutRunningAverage.h in Headers */,
				D3BB88A617B6A1ED00A263AC /* AutRunningAverageImp.h in Headers */,
			);
			runOnlyForDeploymentPostprocessing = 0;
		};
/* End PBXHeadersBuildPhase section */

/* Begin PBXNativeTarget section */
		D3BB889317B6A0D900A263AC /* Aut */ = {
			isa = PBXNativeTarget;
			buildConfigurationList = D3BB889817B6A0D900A263AC /* Build configuration list for PBXNativeTarget "Aut" */;
			buildPhases = (
				D3BB889017B6A0D900A263AC /* Sources */,
				D3BB889117B6A0D900A263AC /* Frameworks */,
				D3BB889217B6A0D900A263AC /* Headers */,
			);
			buildRules = (
			);
			dependencies = (
			);
			name = Aut;
			productName = Aut;
			productReference = D3BB889417B6A0D900A263AC /* libAut.dylib */;
			productType = "com.apple.product-type.library.dynamic";
		};
/* End PBXNativeTarget section */

/* Begin PBXProject section */
		D3BB888C17B6A0D900A263AC /* Project object */ = {
			isa = PBXProject;
			attributes = {
				LastUpgradeCheck = 0460;
				ORGANIZATIONNAME = Philip;
			};
			buildConfigurationList = D3BB888F17B6A0D900A263AC /* Build configuration list for PBXProject "Aut" */;
			compatibilityVersion = "Xcode 3.2";
			developmentRegion = English;
			hasScannedForEncodings = 0;
			knownRegions = (
				en,
			);
			mainGroup = D3BB888B17B6A0D900A263AC;
			productRefGroup = D3BB889517B6A0D900A263AC /* Products */;
			projectDirPath = "";
			projectRoot = "";
			targets = (
				D3BB889317B6A0D900A263AC /* Aut */,
			);
		};
/* End PBXProject section */

/* Begin PBXSourcesBuildPhase section */
		D3BB889017B6A0D900A263AC /* Sources */ = {
			isa = PBXSourcesBuildPhase;
			buildActionMask = 2147483647;
			files = (
				D3BB88A117B6A1ED00A263AC /* AutAlert.cpp in Sources */,
			);
			runOnlyForDeploymentPostprocessing = 0;
		};
/* End PBXSourcesBuildPhase section */

/* Begin XCBuildConfiguration section */
		D3BB889617B6A0D900A263AC /* Debug */ = {
			isa = XCBuildConfiguration;
			buildSettings = {
				ALWAYS_SEARCH_USER_PATHS = NO;
				ARCHS = "$(ARCHS_STANDARD_64_BIT)";
				CLANG_CXX_LANGUAGE_STANDARD = "gnu++0x";
				CLANG_CXX_LIBRARY = "libc++";
				CLANG_WARN_CONSTANT_CONVERSION = YES;
				CLANG_WARN_EMPTY_BODY = YES;
				CLANG_WARN_ENUM_CONVERSION = YES;
				CLANG_WARN_INT_CONVERSION = YES;
				CLANG_WARN__DUPLICATE_METHOD_MATCH = YES;
				COPY_PHASE_STRIP = NO;
				GCC_C_LANGUAGE_STANDARD = gnu99;
				GCC_DYNAMIC_NO_PIC = NO;
				GCC_ENABLE_OBJC_EXCEPTIONS = YES;
				GCC_OPTIMIZATION_LEVEL = 0;
				GCC_PREPROCESSOR_DEFINITIONS = (
					"DEBUG=1",
					"$(inherited)",
				);
				GCC_SYMBOLS_PRIVATE_EXTERN = NO;
				GCC_WARN_64_TO_32_BIT_CONVERSION = YES;
				GCC_WARN_ABOUT_RETURN_TYPE = YES;
				GCC_WARN_UNINITIALIZED_AUTOS = YES;
				GCC_WARN_UNUSED_VARIABLE = YES;
				MACOSX_DEPLOYMENT_TARGET = 10.8;
				ONLY_ACTIVE_ARCH = YES;
				SDKROOT = macosx;
			};
			name = Debug;
		};
		D3BB889717B6A0D900A263AC /* Release */ = {
			isa = XCBuildConfiguration;
			buildSettings = {
				ALWAYS_SEARCH_USER_PATHS = NO;
				ARCHS = "$(ARCHS_STANDARD_64_BIT)";
				CLANG_CXX_LANGUAGE_STANDARD = "gnu++0x";
				CLANG_CXX_LIBRARY = "libc++";
				CLANG_WARN_CONSTANT_CONVERSION = YES;
				CLANG_WARN_EMPTY_BODY = YES;
				CLANG_WARN_ENUM_CONVERSION = YES;
				CLANG_WARN_INT_CONVERSION = YES;
				CLANG_WARN__DUPLICATE_METHOD_MATCH = YES;
				COPY_PHASE_STRIP = YES;
				DEBUG_INFORMATION_FORMAT = "dwarf-with-dsym";
				GCC_C_LANGUAGE_STANDARD = gnu99;
				GCC_ENABLE_OBJC_EXCEPTIONS = YES;
				GCC_WARN_64_TO_32_BIT_CONVERSION = YES;
				GCC_WARN_ABOUT_RETURN_TYPE = YES;
				GCC_WARN_UNINITIALIZED_AUTOS = YES;
				GCC_WARN_UNUSED_VARIABLE = YES;
				MACOSX_DEPLOYMENT_TARGET = 10.8;
				SDKROOT = macosx;
			};
			name = Release;
		};
		D3BB889917B6A0D900A263AC /* Debug */ = {
			isa = XCBuildConfiguration;
			buildSettings = {
				EXECUTABLE_PREFIX = lib;
				PRODUCT_NAME = "$(TARGET_NAME)";
			};
			name = Debug;
		};
		D3BB889A17B6A0D900A263AC /* Release */ = {
			isa = XCBuildConfiguration;
			buildSettings = {
				EXECUTABLE_PREFIX = lib;
				PRODUCT_NAME = "$(TARGET_NAME)";
			};
			name = Release;
		};
/* End XCBuildConfiguration section */

/* Begin XCConfigurationList section */
		D3BB888F17B6A0D900A263AC /* Build configuration list for PBXProject "Aut" */ = {
			isa = XCConfigurationList;
			buildConfigurations = (
				D3BB889617B6A0D900A263AC /* Debug */,
				D3BB889717B6A0D900A263AC /* Release */,
			);
			defaultConfigurationIsVisible = 0;
			defaultConfigurationName = Release;
		};
		D3BB889817B6A0D900A263AC /* Build configuration list for PBXNativeTarget "Aut" */ = {
			isa = XCConfigurationList;
			buildConfigurations = (
				D3BB889917B6A0D900A263AC /* Debug */,
				D3BB889A17B6A0D900A263AC /* Release */,
			);
			defaultConfigurationIsVisible = 0;
			defaultConfigurationName = Release;
		};
/* End XCConfigurationList section */
	};
	rootObject = D3BB888C17B6A0D900A263AC /* Project object */;
}
